
Microsoft Visual Studio Solution File, Format Version 12.00
# Visual Studio 2015
Project("{FAE04EC0-301F-11D3-BF4B-00C04F79EFBC}") = "GMAP348.Plugins", "GMAP348.Plugins.csproj", "{1AF33F4F-ECAC-DF36-2725-736D086A177E}"
EndProject
Project("{FAE04EC0-301F-11D3-BF4B-00C04F79EFBC}") = "GMAP348", "GMAP348.csproj", "{4CC98583-CA84-F962-924F-96CB2121953E}"
EndProject
Project("{FAE04EC0-301F-11D3-BF4B-00C04F79EFBC}") = "GMAP348.Editor.Plugins", "GMAP348.Editor.Plugins.csproj", "{C1B16052-5E08-EBFE-0264-014C7FFA3553}"
EndProject
Global
	GlobalSection(SolutionConfigurationPlatforms) = preSolution
		Debug|Any CPU = Debug|Any CPU
		Release|Any CPU = Release|Any CPU
	EndGlobalSection
	GlobalSection(ProjectConfigurationPlatforms) = postSolution
		{1AF33F4F-ECAC-DF36-2725-736D086A177E}.Debug|Any CPU.ActiveCfg = Debug|Any CPU
		{1AF33F4F-ECAC-DF36-2725-736D086A177E}.Debug|Any CPU.Build.0 = Debug|Any CPU
		{1AF33F4F-ECAC-DF36-2725-736D086A177E}.Release|Any CPU.ActiveCfg = Release|Any CPU
		{1AF33F4F-ECAC-DF36-2725-736D086A177E}.Release|Any CPU.Build.0 = Release|Any CPU
		{4CC98583-CA84-F962-924F-96CB2121953E}.Debug|Any CPU.ActiveCfg = Debug|Any CPU
		{4CC98583-CA84-F962-924F-96CB2121953E}.Debug|Any CPU.Build.0 = Debug|Any CPU
		{4CC98583-CA84-F962-924F-96CB2121953E}.Release|Any CPU.ActiveCfg = Release|Any CPU
		{4CC98583-CA84-F962-924F-96CB2121953E}.Release|Any CPU.Build.0 = Release|Any CPU
		{C1B16052-5E08-EBFE-0264-014C7FFA3553}.Debug|Any CPU.ActiveCfg = Debug|Any CPU
		{C1B16052-5E08-EBFE-0264-014C7FFA3553}.Debug|Any CPU.Build.0 = Debug|Any CPU
		{C1B16052-5E08-EBFE-0264-014C7FFA3553}.Release|Any CPU.ActiveCfg = Release|Any CPU
		{C1B16052-5E08-EBFE-0264-014C7FFA3553}.Release|Any CPU.Build.0 = Release|Any CPU
	EndGlobalSection
	GlobalSection(SolutionProperties) = preSolution
		HideSolutionNode = FALSE
	EndGlobalSection
EndGlobal
