
Microsoft Visual Studio Solution File, Format Version 12.00
# Visual Studio 2015
Project("{FAE04EC0-301F-11D3-BF4B-00C04F79EFBC}") = "GMAP348.CSharp.Plugins", "GMAP348.CSharp.Plugins.csproj", "{2D7919CD-5F19-1D0B-4B4B-A75F03B3ED86}"
EndProject
Project("{FAE04EC0-301F-11D3-BF4B-00C04F79EFBC}") = "GMAP348.CSharp", "GMAP348.CSharp.csproj", "{1055C471-61EB-123E-5E16-CAFD9A776EC2}"
EndProject
Project("{FAE04EC0-301F-11D3-BF4B-00C04F79EFBC}") = "GMAP348.CSharp.Editor.Plugins", "GMAP348.CSharp.Editor.Plugins.csproj", "{0E16FFB6-746E-1F4E-9F7F-8872F3520D68}"
EndProject
Global
	GlobalSection(SolutionConfigurationPlatforms) = preSolution
		Debug|Any CPU = Debug|Any CPU
		Release|Any CPU = Release|Any CPU
	EndGlobalSection
	GlobalSection(ProjectConfigurationPlatforms) = postSolution
		{2D7919CD-5F19-1D0B-4B4B-A75F03B3ED86}.Debug|Any CPU.ActiveCfg = Debug|Any CPU
		{2D7919CD-5F19-1D0B-4B4B-A75F03B3ED86}.Debug|Any CPU.Build.0 = Debug|Any CPU
		{2D7919CD-5F19-1D0B-4B4B-A75F03B3ED86}.Release|Any CPU.ActiveCfg = Release|Any CPU
		{2D7919CD-5F19-1D0B-4B4B-A75F03B3ED86}.Release|Any CPU.Build.0 = Release|Any CPU
		{1055C471-61EB-123E-5E16-CAFD9A776EC2}.Debug|Any CPU.ActiveCfg = Debug|Any CPU
		{1055C471-61EB-123E-5E16-CAFD9A776EC2}.Debug|Any CPU.Build.0 = Debug|Any CPU
		{1055C471-61EB-123E-5E16-CAFD9A776EC2}.Release|Any CPU.ActiveCfg = Release|Any CPU
		{1055C471-61EB-123E-5E16-CAFD9A776EC2}.Release|Any CPU.Build.0 = Release|Any CPU
		{0E16FFB6-746E-1F4E-9F7F-8872F3520D68}.Debug|Any CPU.ActiveCfg = Debug|Any CPU
		{0E16FFB6-746E-1F4E-9F7F-8872F3520D68}.Debug|Any CPU.Build.0 = Debug|Any CPU
		{0E16FFB6-746E-1F4E-9F7F-8872F3520D68}.Release|Any CPU.ActiveCfg = Release|Any CPU
		{0E16FFB6-746E-1F4E-9F7F-8872F3520D68}.Release|Any CPU.Build.0 = Release|Any CPU
	EndGlobalSection
	GlobalSection(SolutionProperties) = preSolution
		HideSolutionNode = FALSE
	EndGlobalSection
EndGlobal
